// !$*UTF8*$!
{
	archiveVersion = 1;
	classes = {
	};
	objectVersion = 50;
	objects = {

/* Begin PBXBuildFile section */
		41E80A6FFE959DBF27144421 /* Pods_uberTest.framework in Frameworks */ = {isa = PBXBuildFile; fileRef = 72F5927DB84F6507F58D1E0D /* Pods_uberTest.framework */; };
		6560920320750DEA00594E14 /* RiderViewController.swift in Sources */ = {isa = PBXBuildFile; fileRef = 6560920220750DEA00594E14 /* RiderViewController.swift */; };
		65E56E322074919200BE11A9 /* AppDelegate.swift in Sources */ = {isa = PBXBuildFile; fileRef = 65E56E312074919200BE11A9 /* AppDelegate.swift */; };
		65E56E342074919200BE11A9 /* ViewController.swift in Sources */ = {isa = PBXBuildFile; fileRef = 65E56E332074919200BE11A9 /* ViewController.swift */; };
		65E56E372074919200BE11A9 /* Main.storyboard in Resources */ = {isa = PBXBuildFile; fileRef = 65E56E352074919200BE11A9 /* Main.storyboard */; };
		65E56E392074919400BE11A9 /* Assets.xcassets in Resources */ = {isa = PBXBuildFile; fileRef = 65E56E382074919400BE11A9 /* Assets.xcassets */; };
		65E56E3C2074919400BE11A9 /* LaunchScreen.storyboard in Resources */ = {isa = PBXBuildFile; fileRef = 65E56E3A2074919400BE11A9 /* LaunchScreen.storyboard */; };
		65E56E442074928E00BE11A9 /* GoogleService-Info.plist in Resources */ = {isa = PBXBuildFile; fileRef = 65E56E432074928E00BE11A9 /* GoogleService-Info.plist */; };
/* End PBXBuildFile section */

/* Begin PBXFileReference section */
		6560920220750DEA00594E14 /* RiderViewController.swift */ = {isa = PBXFileReference; lastKnownFileType = sourcecode.swift; path = RiderViewController.swift; sourceTree = "<group>"; };
		65E56E2E2074919200BE11A9 /* uberTest.app */ = {isa = PBXFileReference; explicitFileType = wrapper.application; includeInIndex = 0; path = uberTest.app; sourceTree = BUILT_PRODUCTS_DIR; };
		65E56E312074919200BE11A9 /* AppDelegate.swift */ = {isa = PBXFileReference; lastKnownFileType = sourcecode.swift; path = AppDelegate.swift; sourceTree = "<group>"; };
		65E56E332074919200BE11A9 /* ViewController.swift */ = {isa = PBXFileReference; lastKnownFileType = sourcecode.swift; path = ViewController.swift; sourceTree = "<group>"; };
		65E56E362074919200BE11A9 /* Base */ = {isa = PBXFileReference; lastKnownFileType = file.storyboard; name = Base; path = Base.lproj/Main.storyboard; sourceTree = "<group>"; };
		65E56E382074919400BE11A9 /* Assets.xcassets */ = {isa = PBXFileReference; lastKnownFileType = folder.assetcatalog; path = Assets.xcassets; sourceTree = "<group>"; };
		65E56E3B2074919400BE11A9 /* Base */ = {isa = PBXFileReference; lastKnownFileType = file.storyboard; name = Base; path = Base.lproj/LaunchScreen.storyboard; sourceTree = "<group>"; };
		65E56E3D2074919400BE11A9 /* Info.plist */ = {isa = PBXFileReference; lastKnownFileType = text.plist.xml; path = Info.plist; sourceTree = "<group>"; };
		65E56E432074928E00BE11A9 /* GoogleService-Info.plist */ = {isa = PBXFileReference; fileEncoding = 4; lastKnownFileType = text.plist.xml; path = "GoogleService-Info.plist"; sourceTree = "<group>"; };
		72F5927DB84F6507F58D1E0D /* Pods_uberTest.framework */ = {isa = PBXFileReference; explicitFileType = wrapper.framework; includeInIndex = 0; path = Pods_uberTest.framework; sourceTree = BUILT_PRODUCTS_DIR; };
		C5DCC62EEE9DEB9D401ECA8D /* Pods-uberTest.debug.xcconfig */ = {isa = PBXFileReference; includeInIndex = 1; lastKnownFileType = text.xcconfig; name = "Pods-uberTest.debug.xcconfig"; path = "Pods/Target Support Files/Pods-uberTest/Pods-uberTest.debug.xcconfig"; sourceTree = "<group>"; };
		FD993D1C7CDC3AE350BDDE5E /* Pods-uberTest.release.xcconfig */ = {isa = PBXFileReference; includeInIndex = 1; lastKnownFileType = text.xcconfig; name = "Pods-uberTest.release.xcconfig"; path = "Pods/Target Support Files/Pods-uberTest/Pods-uberTest.release.xcconfig"; sourceTree = "<group>"; };
/* End PBXFileReference section */

/* Begin PBXFrameworksBuildPhase section */
		65E56E2B2074919200BE11A9 /* Frameworks */ = {
			isa = PBXFrameworksBuildPhase;
			buildActionMask = 2147483647;
			files = (
				41E80A6FFE959DBF27144421 /* Pods_uberTest.framework in Frameworks */,
			);
			runOnlyForDeploymentPostprocessing = 0;
		};
/* End PBXFrameworksBuildPhase section */

/* Begin PBXGroup section */
		47765FF8DCA8AF5259EDECF4 /* Frameworks */ = {
			isa = PBXGroup;
			children = (
				72F5927DB84F6507F58D1E0D /* Pods_uberTest.framework */,
			);
			name = Frameworks;
			sourceTree = "<group>";
		};
		65E56E252074919200BE11A9 = {
			isa = PBXGroup;
			children = (
				65E56E302074919200BE11A9 /* uberTest */,
				65E56E2F2074919200BE11A9 /* Products */,
				732888221E1EB543496BA789 /* Pods */,
				47765FF8DCA8AF5259EDECF4 /* Frameworks */,
			);
			sourceTree = "<group>";
		};
		65E56E2F2074919200BE11A9 /* Products */ = {
			isa = PBXGroup;
			children = (
				65E56E2E2074919200BE11A9 /* uberTest.app */,
			);
			name = Products;
			sourceTree = "<group>";
		};
		65E56E302074919200BE11A9 /* uberTest */ = {
			isa = PBXGroup;
			children = (
				65E56E312074919200BE11A9 /* AppDelegate.swift */,
				65E56E332074919200BE11A9 /* ViewController.swift */,
				6560920220750DEA00594E14 /* RiderViewController.swift */,
				65E56E352074919200BE11A9 /* Main.storyboard */,
				65E56E382074919400BE11A9 /* Assets.xcassets */,
				65E56E3A2074919400BE11A9 /* LaunchScreen.storyboard */,
				65E56E3D2074919400BE11A9 /* Info.plist */,
				65E56E432074928E00BE11A9 /* GoogleService-Info.plist */,
			);
			path = uberTest;
			sourceTree = "<group>";
		};
		732888221E1EB543496BA789 /* Pods */ = {
			isa = PBXGroup;
			children = (
				C5DCC62EEE9DEB9D401ECA8D /* Pods-uberTest.debug.xcconfig */,
				FD993D1C7CDC3AE350BDDE5E /* Pods-uberTest.release.xcconfig */,
			);
			name = Pods;
			sourceTree = "<group>";
		};
/* End PBXGroup section */

/* Begin PBXNativeTarget section */
		65E56E2D2074919200BE11A9 /* uberTest */ = {
			isa = PBXNativeTarget;
			buildConfigurationList = 65E56E402074919400BE11A9 /* Build configuration list for PBXNativeTarget "uberTest" */;
			buildPhases = (
				DA2401A2A1A1F55521A7F685 /* [CP] Check Pods Manifest.lock */,
				65E56E2A2074919200BE11A9 /* Sources */,
				65E56E2B2074919200BE11A9 /* Frameworks */,
				65E56E2C2074919200BE11A9 /* Resources */,
				681297AB87BDE7B3F9475530 /* [CP] Embed Pods Frameworks */,
				D3186673DE4C23E0B6206BDF /* [CP] Copy Pods Resources */,
			);
			buildRules = (
			);
			dependencies = (
			);
			name = uberTest;
			productName = uberTest;
			productReference = 65E56E2E2074919200BE11A9 /* uberTest.app */;
			productType = "com.apple.product-type.application";
		};
/* End PBXNativeTarget section */

/* Begin PBXProject section */
		65E56E262074919200BE11A9 /* Project object */ = {
			isa = PBXProject;
			attributes = {
				LastSwiftUpdateCheck = 0930;
				LastUpgradeCheck = 0930;
				ORGANIZATIONNAME = justCodeEnterprise;
				TargetAttributes = {
					65E56E2D2074919200BE11A9 = {
						CreatedOnToolsVersion = 9.3;
					};
				};
			};
			buildConfigurationList = 65E56E292074919200BE11A9 /* Build configuration list for PBXProject "uberTest" */;
			compatibilityVersion = "Xcode 9.3";
			developmentRegion = en;
			hasScannedForEncodings = 0;
			knownRegions = (
				en,
				Base,
			);
			mainGroup = 65E56E252074919200BE11A9;
			productRefGroup = 65E56E2F2074919200BE11A9 /* Products */;
			projectDirPath = "";
			projectRoot = "";
			targets = (
				65E56E2D2074919200BE11A9 /* uberTest */,
			);
		};
/* End PBXProject section */

/* Begin PBXResourcesBuildPhase section */
		65E56E2C2074919200BE11A9 /* Resources */ = {
			isa = PBXResourcesBuildPhase;
			buildActionMask = 2147483647;
			files = (
				65E56E3C2074919400BE11A9 /* LaunchScreen.storyboard in Resources */,
				65E56E442074928E00BE11A9 /* GoogleService-Info.plist in Resources */,
				65E56E392074919400BE11A9 /* Assets.xcassets in Resources */,
				65E56E372074919200BE11A9 /* Main.storyboard in Resources */,
			);
			runOnlyForDeploymentPostprocessing = 0;
		};
/* End PBXResourcesBuildPhase section */

/* Begin PBXShellScriptBuildPhase section */
		681297AB87BDE7B3F9475530 /* [CP] Embed Pods Frameworks */ = {
			isa = PBXShellScriptBuildPhase;
			buildActionMask = 2147483647;
			files = (
			);
			inputPaths = (
				"${SRCROOT}/Pods/Target Support Files/Pods-uberTest/Pods-uberTest-frameworks.sh",
				"${BUILT_PRODUCTS_DIR}/GTMSessionFetcher/GTMSessionFetcher.framework",
				"${BUILT_PRODUCTS_DIR}/GoogleToolboxForMac/GoogleToolboxForMac.framework",
				"${BUILT_PRODUCTS_DIR}/nanopb/nanopb.framework",
			);
			name = "[CP] Embed Pods Frameworks";
			outputPaths = (
				"${TARGET_BUILD_DIR}/${FRAMEWORKS_FOLDER_PATH}/GTMSessionFetcher.framework",
				"${TARGET_BUILD_DIR}/${FRAMEWORKS_FOLDER_PATH}/GoogleToolboxForMac.framework",
				"${TARGET_BUILD_DIR}/${FRAMEWORKS_FOLDER_PATH}/nanopb.framework",
			);
			runOnlyForDeploymentPostprocessing = 0;
			shellPath = /bin/sh;
			shellScript = "\"${SRCROOT}/Pods/Target Support Files/Pods-uberTest/Pods-uberTest-frameworks.sh\"\n";
			showEnvVarsInLog = 0;
		};
		D3186673DE4C23E0B6206BDF /* [CP] Copy Pods Resources */ = {
			isa = PBXShellScriptBuildPhase;
			buildActionMask = 2147483647;
			files = (
			);
			inputPaths = (
			);
			name = "[CP] Copy Pods Resources";
			outputPaths = (
			);
			runOnlyForDeploymentPostprocessing = 0;
			shellPath = /bin/sh;
			shellScript = "\"${SRCROOT}/Pods/Target Support Files/Pods-uberTest/Pods-uberTest-resources.sh\"\n";
			showEnvVarsInLog = 0;
		};
		DA2401A2A1A1F55521A7F685 /* [CP] Check Pods Manifest.lock */ = {
			isa = PBXShellScriptBuildPhase;
			buildActionMask = 2147483647;
			files = (
			);
			inputPaths = (
				"${PODS_PODFILE_DIR_PATH}/Podfile.lock",
				"${PODS_ROOT}/Manifest.lock",
			);
			name = "[CP] Check Pods Manifest.lock";
			outputPaths = (
				"$(DERIVED_FILE_DIR)/Pods-uberTest-checkManifestLockResult.txt",
			);
			runOnlyForDeploymentPostprocessing = 0;
			shellPath = /bin/sh;
			shellScript = "diff \"${PODS_PODFILE_DIR_PATH}/Podfile.lock\" \"${PODS_ROOT}/Manifest.lock\" > /dev/null\nif [ $? != 0 ] ; then\n    # print error to STDERR\n    echo \"error: The sandbox is not in sync with the Podfile.lock. Run 'pod install' or update your CocoaPods installation.\" >&2\n    exit 1\nfi\n# This output is used by Xcode 'outputs' to avoid re-running this script phase.\necho \"SUCCESS\" > \"${SCRIPT_OUTPUT_FILE_0}\"\n";
			showEnvVarsInLog = 0;
		};
/* End PBXShellScriptBuildPhase section */

/* Begin PBXSourcesBuildPhase section */
		65E56E2A2074919200BE11A9 /* Sources */ = {
			isa = PBXSourcesBuildPhase;
			buildActionMask = 2147483647;
			files = (
				65E56E342074919200BE11A9 /* ViewController.swift in Sources */,
				6560920320750DEA00594E14 /* RiderViewController.swift in Sources */,
				65E56E322074919200BE11A9 /* AppDelegate.swift in Sources */,
			);
			runOnlyForDeploymentPostprocessing = 0;
		};
/* End PBXSourcesBuildPhase section */

/* Begin PBXVariantGroup section */
		65E56E352074919200BE11A9 /* Main.storyboard */ = {
			isa = PBXVariantGroup;
			children = (
				65E56E362074919200BE11A9 /* Base */,
			);
			name = Main.storyboard;
			sourceTree = "<group>";
		};
		65E56E3A2074919400BE11A9 /* LaunchScreen.storyboard */ = {
			isa = PBXVariantGroup;
			children = (
				65E56E3B2074919400BE11A9 /* Base */,
			);
			name = LaunchScreen.storyboard;
			sourceTree = "<group>";
		};
/* End PBXVariantGroup section */

/* Begin XCBuildConfiguration section */
		65E56E3E2074919400BE11A9 /* Debug */ = {
			isa = XCBuildConfiguration;
			buildSettings = {
				ALWAYS_SEARCH_USER_PATHS = NO;
				CLANG_ANALYZER_NONNULL = YES;
				CLANG_ANALYZER_NUMBER_OBJECT_CONVERSION = YES_AGGRESSIVE;
				CLANG_CXX_LANGUAGE_STANDARD = "gnu++14";
				CLANG_CXX_LIBRARY = "libc++";
				CLANG_ENABLE_MODULES = YES;
				CLANG_ENABLE_OBJC_ARC = YES;
				CLANG_ENABLE_OBJC_WEAK = YES;
				CLANG_WARN_BLOCK_CAPTURE_AUTORELEASING = YES;
				CLANG_WARN_BOOL_CONVERSION = YES;
				CLANG_WARN_COMMA = YES;
				CLANG_WARN_CONSTANT_CONVERSION = YES;
				CLANG_WARN_DEPRECATED_OBJC_IMPLEMENTATIONS = YES;
				CLANG_WARN_DIRECT_OBJC_ISA_USAGE = YES_ERROR;
				CLANG_WARN_DOCUMENTATION_COMMENTS = YES;
				CLANG_WARN_EMPTY_BODY = YES;
				CLANG_WARN_ENUM_CONVERSION = YES;
				CLANG_WARN_INFINITE_RECURSION = YES;
				CLANG_WARN_INT_CONVERSION = YES;
				CLANG_WARN_NON_LITERAL_NULL_CONVERSION = YES;
				CLANG_WARN_OBJC_IMPLICIT_RETAIN_SELF = YES;
				CLANG_WARN_OBJC_LITERAL_CONVERSION = YES;
				CLANG_WARN_OBJC_ROOT_CLASS = YES_ERROR;
				CLANG_WARN_RANGE_LOOP_ANALYSIS = YES;
				CLANG_WARN_STRICT_PROTOTYPES = YES;
				CLANG_WARN_SUSPICIOUS_MOVE = YES;
				CLANG_WARN_UNGUARDED_AVAILABILITY = YES_AGGRESSIVE;
				CLANG_WARN_UNREACHABLE_CODE = YES;
				CLANG_WARN__DUPLICATE_METHOD_MATCH = YES;
				CODE_SIGN_IDENTITY = "iPhone Developer";
				COPY_PHASE_STRIP = NO;
				DEBUG_INFORMATION_FORMAT = dwarf;
				ENABLE_STRICT_OBJC_MSGSEND = YES;
				ENABLE_TESTABILITY = YES;
				GCC_C_LANGUAGE_STANDARD = gnu11;
				GCC_DYNAMIC_NO_PIC = NO;
				GCC_NO_COMMON_BLOCKS = YES;
				GCC_OPTIMIZATION_LEVEL = 0;
				GCC_PREPROCESSOR_DEFINITIONS = (
					"DEBUG=1",
					"$(inherited)",
				);
				GCC_WARN_64_TO_32_BIT_CONVERSION = YES;
				GCC_WARN_ABOUT_RETURN_TYPE = YES_ERROR;
				GCC_WARN_UNDECLARED_SELECTOR = YES;
				GCC_WARN_UNINITIALIZED_AUTOS = YES_AGGRESSIVE;
				GCC_WARN_UNUSED_FUNCTION = YES;
				GCC_WARN_UNUSED_VARIABLE = YES;
				IPHONEOS_DEPLOYMENT_TARGET = 11.3;
				MTL_ENABLE_DEBUG_INFO = YES;
				ONLY_ACTIVE_ARCH = YES;
				SDKROOT = iphoneos;
				SWIFT_ACTIVE_COMPILATION_CONDITIONS = DEBUG;
				SWIFT_OPTIMIZATION_LEVEL = "-Onone";
			};
			name = Debug;
		};
		65E56E3F2074919400BE11A9 /* Release */ = {
			isa = XCBuildConfiguration;
			buildSettings = {
				ALWAYS_SEARCH_USER_PATHS = NO;
				CLANG_ANALYZER_NONNULL = YES;
				CLANG_ANALYZER_NUMBER_OBJECT_CONVERSION = YES_AGGRESSIVE;
				CLANG_CXX_LANGUAGE_STANDARD = "gnu++14";
				CLANG_CXX_LIBRARY = "libc++";
				CLANG_ENABLE_MODULES = YES;
				CLANG_ENABLE_OBJC_ARC = YES;
				CLANG_ENABLE_OBJC_WEAK = YES;
				CLANG_WARN_BLOCK_CAPTURE_AUTORELEASING = YES;
				CLANG_WARN_BOOL_CONVERSION = YES;
				CLANG_WARN_COMMA = YES;
				CLANG_WARN_CONSTANT_CONVERSION = YES;
				CLANG_WARN_DEPRECATED_OBJC_IMPLEMENTATIONS = YES;
				CLANG_WARN_DIRECT_OBJC_ISA_USAGE = YES_ERROR;
				CLANG_WARN_DOCUMENTATION_COMMENTS = YES;
				CLANG_WARN_EMPTY_BODY = YES;
				CLANG_WARN_ENUM_CONVERSION = YES;
				CLANG_WARN_INFINITE_RECURSION = YES;
				CLANG_WARN_INT_CONVERSION = YES;
				CLANG_WARN_NON_LITERAL_NULL_CONVERSION = YES;
				CLANG_WARN_OBJC_IMPLICIT_RETAIN_SELF = YES;
				CLANG_WARN_OBJC_LITERAL_CONVERSION = YES;
				CLANG_WARN_OBJC_ROOT_CLASS = YES_ERROR;
				CLANG_WARN_RANGE_LOOP_ANALYSIS = YES;
				CLANG_WARN_STRICT_PROTOTYPES = YES;
				CLANG_WARN_SUSPICIOUS_MOVE = YES;
				CLANG_WARN_UNGUARDED_AVAILABILITY = YES_AGGRESSIVE;
				CLANG_WARN_UNREACHABLE_CODE = YES;
				CLANG_WARN__DUPLICATE_METHOD_MATCH = YES;
				CODE_SIGN_IDENTITY = "iPhone Developer";
				COPY_PHASE_STRIP = NO;
				DEBUG_INFORMATION_FORMAT = "dwarf-with-dsym";
				ENABLE_NS_ASSERTIONS = NO;
				ENABLE_STRICT_OBJC_MSGSEND = YES;
				GCC_C_LANGUAGE_STANDARD = gnu11;
				GCC_NO_COMMON_BLOCKS = YES;
				GCC_WARN_64_TO_32_BIT_CONVERSION = YES;
				GCC_WARN_ABOUT_RETURN_TYPE = YES_ERROR;
				GCC_WARN_UNDECLARED_SELECTOR = YES;
				GCC_WARN_UNINITIALIZED_AUTOS = YES_AGGRESSIVE;
				GCC_WARN_UNUSED_FUNCTION = YES;
				GCC_WARN_UNUSED_VARIABLE = YES;
				IPHONEOS_DEPLOYMENT_TARGET = 11.3;
				MTL_ENABLE_DEBUG_INFO = NO;
				SDKROOT = iphoneos;
				SWIFT_COMPILATION_MODE = wholemodule;
				SWIFT_OPTIMIZATION_LEVEL = "-O";
				VALIDATE_PRODUCT = YES;
			};
			name = Release;
		};
		65E56E412074919400BE11A9 /* Debug */ = {
			isa = XCBuildConfiguration;
			baseConfigurationReference = C5DCC62EEE9DEB9D401ECA8D /* Pods-uberTest.debug.xcconfig */;
			buildSettings = {
				ASSETCATALOG_COMPILER_APPICON_NAME = AppIcon;
				CODE_SIGN_STYLE = Automatic;
				DEVELOPMENT_TEAM = 7XK9GN9T8Q;
				INFOPLIST_FILE = uberTest/Info.plist;
				LD_RUNPATH_SEARCH_PATHS = (
					"$(inherited)",
					"@executable_path/Frameworks",
				);
				PRODUCT_BUNDLE_IDENTIFIER = com.justCodeEnterprise.uberTest;
				PRODUCT_NAME = "$(TARGET_NAME)";
				SWIFT_VERSION = 4.0;
				TARGETED_DEVICE_FAMILY = "1,2";
			};
			name = Debug;
		};
		65E56E422074919400BE11A9 /* Release */ = {
			isa = XCBuildConfiguration;
			baseConfigurationReference = FD993D1C7CDC3AE350BDDE5E /* Pods-uberTest.release.xcconfig */;
			buildSettings = {
				ASSETCATALOG_COMPILER_APPICON_NAME = AppIcon;
				CODE_SIGN_STYLE = Automatic;
				DEVELOPMENT_TEAM = 7XK9GN9T8Q;
				INFOPLIST_FILE = uberTest/Info.plist;
				LD_RUNPATH_SEARCH_PATHS = (
					"$(inherited)",
					"@executable_path/Frameworks",
				);
				PRODUCT_BUNDLE_IDENTIFIER = com.justCodeEnterprise.uberTest;
				PRODUCT_NAME = "$(TARGET_NAME)";
				SWIFT_VERSION = 4.0;
				TARGETED_DEVICE_FAMILY = "1,2";
			};
			name = Release;
		};
/* End XCBuildConfiguration section */

/* Begin XCConfigurationList section */
		65E56E292074919200BE11A9 /* Build configuration list for PBXProject "uberTest" */ = {
			isa = XCConfigurationList;
			buildConfigurations = (
				65E56E3E2074919400BE11A9 /* Debug */,
				65E56E3F2074919400BE11A9 /* Release */,
			);
			defaultConfigurationIsVisible = 0;
			defaultConfigurationName = Release;
		};
		65E56E402074919400BE11A9 /* Build configuration list for PBXNativeTarget "uberTest" */ = {
			isa = XCConfigurationList;
			buildConfigurations = (
				65E56E412074919400BE11A9 /* Debug */,
				65E56E422074919400BE11A9 /* Release */,
			);
			defaultConfigurationIsVisible = 0;
			defaultConfigurationName = Release;
		};
/* End XCConfigurationList section */
	};
	rootObject = 65E56E262074919200BE11A9 /* Project object */;
}
